// !$*UTF8*$!
{
	archiveVersion = 1;
	classes = {
	};
	objectVersion = 50;
	objects = {

/* Begin PBXBuildFile section */
		88100AAD23F0839B00230409 /* AccountingTabsViewController.xib in Resources */ = {isa = PBXBuildFile; fileRef = 88100AAC23F0839B00230409 /* AccountingTabsViewController.xib */; };
		88100AAF23F0858C00230409 /* AccountingTabsViewController.swift in Sources */ = {isa = PBXBuildFile; fileRef = 88100AAE23F0858C00230409 /* AccountingTabsViewController.swift */; };
		88100AB223F0874C00230409 /* AccountingTableViewModel.swift in Sources */ = {isa = PBXBuildFile; fileRef = 88100AB123F0874C00230409 /* AccountingTableViewModel.swift */; };
		88100AB823F0AC4C00230409 /* AccountingUserInputDataModel.swift in Sources */ = {isa = PBXBuildFile; fileRef = 88100AB723F0AC4C00230409 /* AccountingUserInputDataModel.swift */; };
		88100ABA23F1A4C100230409 /* AccountingDataFormatter.swift in Sources */ = {isa = PBXBuildFile; fileRef = 88100AB923F1A4C100230409 /* AccountingDataFormatter.swift */; };
		88100ABC23F1A96800230409 /* DataEncoder.swift in Sources */ = {isa = PBXBuildFile; fileRef = 88100ABB23F1A96800230409 /* DataEncoder.swift */; };
		88100ABE23F1ADB500230409 /* FileManagerController.swift in Sources */ = {isa = PBXBuildFile; fileRef = 88100ABD23F1ADB500230409 /* FileManagerController.swift */; };
		88100AC123F1C37300230409 /* AccountingUserInputDataModelController.swift in Sources */ = {isa = PBXBuildFile; fileRef = 88100AC023F1C37300230409 /* AccountingUserInputDataModelController.swift */; };
		88100AC623F23D3500230409 /* WelcomeViewController.swift in Sources */ = {isa = PBXBuildFile; fileRef = 88100AC523F23D3500230409 /* WelcomeViewController.swift */; };
		88100AC823F23D4000230409 /* WelcomeViewController.xib in Resources */ = {isa = PBXBuildFile; fileRef = 88100AC723F23D4000230409 /* WelcomeViewController.xib */; };
		88100ACB23F2DBDC00230409 /* LoginViewController.swift in Sources */ = {isa = PBXBuildFile; fileRef = 88100AC923F2DBDC00230409 /* LoginViewController.swift */; };
		88100ACC23F2DBDC00230409 /* LoginViewController.xib in Resources */ = {isa = PBXBuildFile; fileRef = 88100ACA23F2DBDC00230409 /* LoginViewController.xib */; };
		88100ACE23F2E07C00230409 /* LoginNavigationController.swift in Sources */ = {isa = PBXBuildFile; fileRef = 88100ACD23F2E07C00230409 /* LoginNavigationController.swift */; };
		88100AD023F2E69500230409 /* KeyboardObserver.swift in Sources */ = {isa = PBXBuildFile; fileRef = 88100ACF23F2E69500230409 /* KeyboardObserver.swift */; };
		88100AD223F2E79600230409 /* UIAlertController.swift in Sources */ = {isa = PBXBuildFile; fileRef = 88100AD123F2E79600230409 /* UIAlertController.swift */; };
		88100AD523F2E7D500230409 /* AuthenticationController.swift in Sources */ = {isa = PBXBuildFile; fileRef = 88100AD423F2E7D500230409 /* AuthenticationController.swift */; };
		88100AD723F2E7EA00230409 /* UserObserver.swift in Sources */ = {isa = PBXBuildFile; fileRef = 88100AD623F2E7EA00230409 /* UserObserver.swift */; };
		88100AD923F2E7FF00230409 /* User.swift in Sources */ = {isa = PBXBuildFile; fileRef = 88100AD823F2E7FF00230409 /* User.swift */; };
		88100ADC23F2EBE000230409 /* SettingsViewController.swift in Sources */ = {isa = PBXBuildFile; fileRef = 88100ADA23F2EBE000230409 /* SettingsViewController.swift */; };
		88100AE123F2ECC600230409 /* SettingsPickerCell.swift in Sources */ = {isa = PBXBuildFile; fileRef = 88100ADF23F2ECC600230409 /* SettingsPickerCell.swift */; };
		88100AE223F2ECC600230409 /* SettingsPickerCell.xib in Resources */ = {isa = PBXBuildFile; fileRef = 88100AE023F2ECC600230409 /* SettingsPickerCell.xib */; };
		88100AE523F2ECD800230409 /* SettingsButtonCell.swift in Sources */ = {isa = PBXBuildFile; fileRef = 88100AE323F2ECD800230409 /* SettingsButtonCell.swift */; };
		88100AE623F2ECD800230409 /* SettingsButtonCell.xib in Resources */ = {isa = PBXBuildFile; fileRef = 88100AE423F2ECD800230409 /* SettingsButtonCell.xib */; };
		88100AEA23F2F9B700230409 /* PickerViewController.swift in Sources */ = {isa = PBXBuildFile; fileRef = 88100AE823F2F9B700230409 /* PickerViewController.swift */; };
		88100AEB23F2F9B700230409 /* PickerViewController.xib in Resources */ = {isa = PBXBuildFile; fileRef = 88100AE923F2F9B700230409 /* PickerViewController.xib */; };
		8824218323F0571E00E44A8A /* AccountingTableDefinitions.js in Resources */ = {isa = PBXBuildFile; fileRef = 8824218223F0571E00E44A8A /* AccountingTableDefinitions.js */; };
		8824218523F0682E00E44A8A /* URLBuilder.swift in Sources */ = {isa = PBXBuildFile; fileRef = 8824218423F0682E00E44A8A /* URLBuilder.swift */; };
		8824218723F0683D00E44A8A /* URLRequestBuilder.swift in Sources */ = {isa = PBXBuildFile; fileRef = 8824218623F0683D00E44A8A /* URLRequestBuilder.swift */; };
		8824218923F0684B00E44A8A /* URLRequestPerformer.swift in Sources */ = {isa = PBXBuildFile; fileRef = 8824218823F0684B00E44A8A /* URLRequestPerformer.swift */; };
		8824218B23F0686000E44A8A /* DataModelLoader.swift in Sources */ = {isa = PBXBuildFile; fileRef = 8824218A23F0686000E44A8A /* DataModelLoader.swift */; };
		8824218D23F0687000E44A8A /* DataDecoder.swift in Sources */ = {isa = PBXBuildFile; fileRef = 8824218C23F0687000E44A8A /* DataDecoder.swift */; };
		8824218F23F069BE00E44A8A /* AccountingService.swift in Sources */ = {isa = PBXBuildFile; fileRef = 8824218E23F069BE00E44A8A /* AccountingService.swift */; };
		88A3F83423ECAFCE007E67F2 /* AppDelegate.swift in Sources */ = {isa = PBXBuildFile; fileRef = 88A3F83323ECAFCE007E67F2 /* AppDelegate.swift */; };
		88A3F83623ECAFCE007E67F2 /* SceneDelegate.swift in Sources */ = {isa = PBXBuildFile; fileRef = 88A3F83523ECAFCE007E67F2 /* SceneDelegate.swift */; };
		88A3F83D23ECAFD0007E67F2 /* Assets.xcassets in Resources */ = {isa = PBXBuildFile; fileRef = 88A3F83C23ECAFD0007E67F2 /* Assets.xcassets */; };
		88A3F84023ECAFD0007E67F2 /* LaunchScreen.storyboard in Resources */ = {isa = PBXBuildFile; fileRef = 88A3F83E23ECAFD0007E67F2 /* LaunchScreen.storyboard */; };
		88A3F84B23ECAFD0007E67F2 /* AccountingCoordinatorTests.swift in Sources */ = {isa = PBXBuildFile; fileRef = 88A3F84A23ECAFD0007E67F2 /* AccountingCoordinatorTests.swift */; };
		88A3F85723EDA0F6007E67F2 /* SceneLauncher.swift in Sources */ = {isa = PBXBuildFile; fileRef = 88A3F85623EDA0F6007E67F2 /* SceneLauncher.swift */; };
		88A3F85B23EDA326007E67F2 /* AccountingSummariesViewController.swift in Sources */ = {isa = PBXBuildFile; fileRef = 88A3F85923EDA326007E67F2 /* AccountingSummariesViewController.swift */; };
		88A3F85C23EDA326007E67F2 /* AccountingSummariesViewController.xib in Resources */ = {isa = PBXBuildFile; fileRef = 88A3F85A23EDA326007E67F2 /* AccountingSummariesViewController.xib */; };
		88A3F85F23EDA5C4007E67F2 /* AccountingSummaryView.swift in Sources */ = {isa = PBXBuildFile; fileRef = 88A3F85E23EDA5C4007E67F2 /* AccountingSummaryView.swift */; };
		88A3F86123EDA6BD007E67F2 /* UIView.swift in Sources */ = {isa = PBXBuildFile; fileRef = 88A3F86023EDA6BD007E67F2 /* UIView.swift */; };
		88A3F86623EDAA52007E67F2 /* AccountingSummariesViewModel.swift in Sources */ = {isa = PBXBuildFile; fileRef = 88A3F86523EDAA52007E67F2 /* AccountingSummariesViewModel.swift */; };
		88A3F86A23EDAD6E007E67F2 /* AccountingViewController.xib in Resources */ = {isa = PBXBuildFile; fileRef = 88A3F86923EDAD6E007E67F2 /* AccountingViewController.xib */; };
		88A3F86C23EDAF65007E67F2 /* AccountingTableViewController.swift in Sources */ = {isa = PBXBuildFile; fileRef = 88A3F86B23EDAF65007E67F2 /* AccountingTableViewController.swift */; };
		88A3F86E23EDF963007E67F2 /* UIColor.swift in Sources */ = {isa = PBXBuildFile; fileRef = 88A3F86D23EDF963007E67F2 /* UIColor.swift */; };
		88B94B0423F631C8008DFD71 /* SettingsButtonViewModel.swift in Sources */ = {isa = PBXBuildFile; fileRef = 88B94B0323F631C8008DFD71 /* SettingsButtonViewModel.swift */; };
		88B94B0623F63229008DFD71 /* SettingsPickerViewModel.swift in Sources */ = {isa = PBXBuildFile; fileRef = 88B94B0523F63229008DFD71 /* SettingsPickerViewModel.swift */; };
		88B94B0923F633D3008DFD71 /* AccountingCoordinator.swift in Sources */ = {isa = PBXBuildFile; fileRef = 88B94B0823F633D3008DFD71 /* AccountingCoordinator.swift */; };
		88B94B0B23F636BC008DFD71 /* AccountingViewController.swift in Sources */ = {isa = PBXBuildFile; fileRef = 88B94B0A23F636BC008DFD71 /* AccountingViewController.swift */; };
		88B94B0D23F64315008DFD71 /* AccountingServiceTests.swift in Sources */ = {isa = PBXBuildFile; fileRef = 88B94B0C23F64315008DFD71 /* AccountingServiceTests.swift */; };
		88DFC7F623EE087700CB1122 /* AccountingNavigationController.swift in Sources */ = {isa = PBXBuildFile; fileRef = 88DFC7F523EE087700CB1122 /* AccountingNavigationController.swift */; };
		88DFC7F823EE0D4300CB1122 /* UIViewController.swift in Sources */ = {isa = PBXBuildFile; fileRef = 88DFC7F723EE0D4300CB1122 /* UIViewController.swift */; };
		88DFC7FA23EE0D5400CB1122 /* UIBarButtonItem.swift in Sources */ = {isa = PBXBuildFile; fileRef = 88DFC7F923EE0D5400CB1122 /* UIBarButtonItem.swift */; };
		88DFC7FC23EE166F00CB1122 /* NavigationItemConfigurator.swift in Sources */ = {isa = PBXBuildFile; fileRef = 88DFC7FB23EE166F00CB1122 /* NavigationItemConfigurator.swift */; };
		88DFC80023EE1A0C00CB1122 /* AccountingTableTextFieldCell.swift in Sources */ = {isa = PBXBuildFile; fileRef = 88DFC7FF23EE1A0C00CB1122 /* AccountingTableTextFieldCell.swift */; };
		88DFC80223EE1A1C00CB1122 /* AccountingTableTextFieldCell.xib in Resources */ = {isa = PBXBuildFile; fileRef = 88DFC80123EE1A1C00CB1122 /* AccountingTableTextFieldCell.xib */; };
		88DFC80923EE235700CB1122 /* AccountingTableSectionHeaderView.swift in Sources */ = {isa = PBXBuildFile; fileRef = 88DFC80823EE235700CB1122 /* AccountingTableSectionHeaderView.swift */; };
		88DFC80B23EE236400CB1122 /* AccountingTableSectionHeaderView.xib in Resources */ = {isa = PBXBuildFile; fileRef = 88DFC80A23EE236400CB1122 /* AccountingTableSectionHeaderView.xib */; };
		88DFC80E23EE280700CB1122 /* AccountingDataController.swift in Sources */ = {isa = PBXBuildFile; fileRef = 88DFC80D23EE280700CB1122 /* AccountingDataController.swift */; };
		88DFC81023EE286C00CB1122 /* AccountingTabViewModel.swift in Sources */ = {isa = PBXBuildFile; fileRef = 88DFC80F23EE286C00CB1122 /* AccountingTabViewModel.swift */; };
		88DFC81323EF03FB00CB1122 /* AccountingTableDefinitionDataModel.swift in Sources */ = {isa = PBXBuildFile; fileRef = 88DFC81223EF03FB00CB1122 /* AccountingTableDefinitionDataModel.swift */; };
/* End PBXBuildFile section */

/* Begin PBXContainerItemProxy section */
		88A3F84723ECAFD0007E67F2 /* PBXContainerItemProxy */ = {
			isa = PBXContainerItemProxy;
			containerPortal = 88A3F82823ECAFCE007E67F2 /* Project object */;
			proxyType = 1;
			remoteGlobalIDString = 88A3F82F23ECAFCE007E67F2;
			remoteInfo = TurboSample;
		};
/* End PBXContainerItemProxy section */

/* Begin PBXFileReference section */
		88100AAC23F0839B00230409 /* AccountingTabsViewController.xib */ = {isa = PBXFileReference; lastKnownFileType = file.xib; path = AccountingTabsViewController.xib; sourceTree = "<group>"; };
		88100AAE23F0858C00230409 /* AccountingTabsViewController.swift */ = {isa = PBXFileReference; lastKnownFileType = sourcecode.swift; path = AccountingTabsViewController.swift; sourceTree = "<group>"; };
		88100AB123F0874C00230409 /* AccountingTableViewModel.swift */ = {isa = PBXFileReference; lastKnownFileType = sourcecode.swift; path = AccountingTableViewModel.swift; sourceTree = "<group>"; };
		88100AB723F0AC4C00230409 /* AccountingUserInputDataModel.swift */ = {isa = PBXFileReference; lastKnownFileType = sourcecode.swift; path = AccountingUserInputDataModel.swift; sourceTree = "<group>"; };
		88100AB923F1A4C100230409 /* AccountingDataFormatter.swift */ = {isa = PBXFileReference; lastKnownFileType = sourcecode.swift; path = AccountingDataFormatter.swift; sourceTree = "<group>"; };
		88100ABB23F1A96800230409 /* DataEncoder.swift */ = {isa = PBXFileReference; lastKnownFileType = sourcecode.swift; path = DataEncoder.swift; sourceTree = "<group>"; };
		88100ABD23F1ADB500230409 /* FileManagerController.swift */ = {isa = PBXFileReference; lastKnownFileType = sourcecode.swift; path = FileManagerController.swift; sourceTree = "<group>"; };
		88100AC023F1C37300230409 /* AccountingUserInputDataModelController.swift */ = {isa = PBXFileReference; lastKnownFileType = sourcecode.swift; path = AccountingUserInputDataModelController.swift; sourceTree = "<group>"; };
		88100AC523F23D3500230409 /* WelcomeViewController.swift */ = {isa = PBXFileReference; lastKnownFileType = sourcecode.swift; path = WelcomeViewController.swift; sourceTree = "<group>"; };
		88100AC723F23D4000230409 /* WelcomeViewController.xib */ = {isa = PBXFileReference; lastKnownFileType = file.xib; path = WelcomeViewController.xib; sourceTree = "<group>"; };
		88100AC923F2DBDC00230409 /* LoginViewController.swift */ = {isa = PBXFileReference; lastKnownFileType = sourcecode.swift; path = LoginViewController.swift; sourceTree = "<group>"; };
		88100ACA23F2DBDC00230409 /* LoginViewController.xib */ = {isa = PBXFileReference; lastKnownFileType = file.xib; path = LoginViewController.xib; sourceTree = "<group>"; };
		88100ACD23F2E07C00230409 /* LoginNavigationController.swift */ = {isa = PBXFileReference; lastKnownFileType = sourcecode.swift; path = LoginNavigationController.swift; sourceTree = "<group>"; };
		88100ACF23F2E69500230409 /* KeyboardObserver.swift */ = {isa = PBXFileReference; lastKnownFileType = sourcecode.swift; path = KeyboardObserver.swift; sourceTree = "<group>"; };
		88100AD123F2E79600230409 /* UIAlertController.swift */ = {isa = PBXFileReference; lastKnownFileType = sourcecode.swift; path = UIAlertController.swift; sourceTree = "<group>"; };
		88100AD423F2E7D500230409 /* AuthenticationController.swift */ = {isa = PBXFileReference; lastKnownFileType = sourcecode.swift; path = AuthenticationController.swift; sourceTree = "<group>"; };
		88100AD623F2E7EA00230409 /* UserObserver.swift */ = {isa = PBXFileReference; lastKnownFileType = sourcecode.swift; path = UserObserver.swift; sourceTree = "<group>"; };
		88100AD823F2E7FF00230409 /* User.swift */ = {isa = PBXFileReference; lastKnownFileType = sourcecode.swift; path = User.swift; sourceTree = "<group>"; };
		88100ADA23F2EBE000230409 /* SettingsViewController.swift */ = {isa = PBXFileReference; lastKnownFileType = sourcecode.swift; path = SettingsViewController.swift; sourceTree = "<group>"; };
		88100ADF23F2ECC600230409 /* SettingsPickerCell.swift */ = {isa = PBXFileReference; lastKnownFileType = sourcecode.swift; path = SettingsPickerCell.swift; sourceTree = "<group>"; };
		88100AE023F2ECC600230409 /* SettingsPickerCell.xib */ = {isa = PBXFileReference; lastKnownFileType = file.xib; path = SettingsPickerCell.xib; sourceTree = "<group>"; };
		88100AE323F2ECD800230409 /* SettingsButtonCell.swift */ = {isa = PBXFileReference; lastKnownFileType = sourcecode.swift; path = SettingsButtonCell.swift; sourceTree = "<group>"; };
		88100AE423F2ECD800230409 /* SettingsButtonCell.xib */ = {isa = PBXFileReference; lastKnownFileType = file.xib; path = SettingsButtonCell.xib; sourceTree = "<group>"; };
		88100AE823F2F9B700230409 /* PickerViewController.swift */ = {isa = PBXFileReference; lastKnownFileType = sourcecode.swift; path = PickerViewController.swift; sourceTree = "<group>"; };
		88100AE923F2F9B700230409 /* PickerViewController.xib */ = {isa = PBXFileReference; lastKnownFileType = file.xib; path = PickerViewController.xib; sourceTree = "<group>"; };
		8824218223F0571E00E44A8A /* AccountingTableDefinitions.js */ = {isa = PBXFileReference; lastKnownFileType = sourcecode.javascript; path = AccountingTableDefinitions.js; sourceTree = "<group>"; };
		8824218423F0682E00E44A8A /* URLBuilder.swift */ = {isa = PBXFileReference; lastKnownFileType = sourcecode.swift; path = URLBuilder.swift; sourceTree = "<group>"; };
		8824218623F0683D00E44A8A /* URLRequestBuilder.swift */ = {isa = PBXFileReference; lastKnownFileType = sourcecode.swift; path = URLRequestBuilder.swift; sourceTree = "<group>"; };
		8824218823F0684B00E44A8A /* URLRequestPerformer.swift */ = {isa = PBXFileReference; lastKnownFileType = sourcecode.swift; path = URLRequestPerformer.swift; sourceTree = "<group>"; };
		8824218A23F0686000E44A8A /* DataModelLoader.swift */ = {isa = PBXFileReference; lastKnownFileType = sourcecode.swift; path = DataModelLoader.swift; sourceTree = "<group>"; };
		8824218C23F0687000E44A8A /* DataDecoder.swift */ = {isa = PBXFileReference; lastKnownFileType = sourcecode.swift; path = DataDecoder.swift; sourceTree = "<group>"; };
		8824218E23F069BE00E44A8A /* AccountingService.swift */ = {isa = PBXFileReference; lastKnownFileType = sourcecode.swift; path = AccountingService.swift; sourceTree = "<group>"; };
		88A3F83023ECAFCE007E67F2 /* TurboSample.app */ = {isa = PBXFileReference; explicitFileType = wrapper.application; includeInIndex = 0; path = TurboSample.app; sourceTree = BUILT_PRODUCTS_DIR; };
		88A3F83323ECAFCE007E67F2 /* AppDelegate.swift */ = {isa = PBXFileReference; lastKnownFileType = sourcecode.swift; path = AppDelegate.swift; sourceTree = "<group>"; };
		88A3F83523ECAFCE007E67F2 /* SceneDelegate.swift */ = {isa = PBXFileReference; lastKnownFileType = sourcecode.swift; path = SceneDelegate.swift; sourceTree = "<group>"; };
		88A3F83C23ECAFD0007E67F2 /* Assets.xcassets */ = {isa = PBXFileReference; lastKnownFileType = folder.assetcatalog; path = Assets.xcassets; sourceTree = "<group>"; };
		88A3F83F23ECAFD0007E67F2 /* Base */ = {isa = PBXFileReference; lastKnownFileType = file.storyboard; name = Base; path = Base.lproj/LaunchScreen.storyboard; sourceTree = "<group>"; };
		88A3F84123ECAFD0007E67F2 /* Info.plist */ = {isa = PBXFileReference; lastKnownFileType = text.plist.xml; path = Info.plist; sourceTree = "<group>"; };
		88A3F84623ECAFD0007E67F2 /* TurboSampleTests.xctest */ = {isa = PBXFileReference; explicitFileType = wrapper.cfbundle; includeInIndex = 0; path = TurboSampleTests.xctest; sourceTree = BUILT_PRODUCTS_DIR; };
		88A3F84A23ECAFD0007E67F2 /* AccountingCoordinatorTests.swift */ = {isa = PBXFileReference; lastKnownFileType = sourcecode.swift; path = AccountingCoordinatorTests.swift; sourceTree = "<group>"; };
		88A3F84C23ECAFD0007E67F2 /* Info.plist */ = {isa = PBXFileReference; lastKnownFileType = text.plist.xml; path = Info.plist; sourceTree = "<group>"; };
		88A3F85623EDA0F6007E67F2 /* SceneLauncher.swift */ = {isa = PBXFileReference; lastKnownFileType = sourcecode.swift; path = SceneLauncher.swift; sourceTree = "<group>"; };
		88A3F85923EDA326007E67F2 /* AccountingSummariesViewController.swift */ = {isa = PBXFileReference; lastKnownFileType = sourcecode.swift; path = AccountingSummariesViewController.swift; sourceTree = "<group>"; };
		88A3F85A23EDA326007E67F2 /* AccountingSummariesViewController.xib */ = {isa = PBXFileReference; lastKnownFileType = file.xib; path = AccountingSummariesViewController.xib; sourceTree = "<group>"; };
		88A3F85E23EDA5C4007E67F2 /* AccountingSummaryView.swift */ = {isa = PBXFileReference; lastKnownFileType = sourcecode.swift; path = AccountingSummaryView.swift; sourceTree = "<group>"; };
		88A3F86023EDA6BD007E67F2 /* UIView.swift */ = {isa = PBXFileReference; lastKnownFileType = sourcecode.swift; path = UIView.swift; sourceTree = "<group>"; };
		88A3F86523EDAA52007E67F2 /* AccountingSummariesViewModel.swift */ = {isa = PBXFileReference; lastKnownFileType = sourcecode.swift; path = AccountingSummariesViewModel.swift; sourceTree = "<group>"; };
		88A3F86923EDAD6E007E67F2 /* AccountingViewController.xib */ = {isa = PBXFileReference; lastKnownFileType = file.xib; path = AccountingViewController.xib; sourceTree = "<group>"; };
		88A3F86B23EDAF65007E67F2 /* AccountingTableViewController.swift */ = {isa = PBXFileReference; lastKnownFileType = sourcecode.swift; path = AccountingTableViewController.swift; sourceTree = "<group>"; };
		88A3F86D23EDF963007E67F2 /* UIColor.swift */ = {isa = PBXFileReference; lastKnownFileType = sourcecode.swift; path = UIColor.swift; sourceTree = "<group>"; };
		88B94B0323F631C8008DFD71 /* SettingsButtonViewModel.swift */ = {isa = PBXFileReference; lastKnownFileType = sourcecode.swift; path = SettingsButtonViewModel.swift; sourceTree = "<group>"; };
		88B94B0523F63229008DFD71 /* SettingsPickerViewModel.swift */ = {isa = PBXFileReference; lastKnownFileType = sourcecode.swift; path = SettingsPickerViewModel.swift; sourceTree = "<group>"; };
		88B94B0823F633D3008DFD71 /* AccountingCoordinator.swift */ = {isa = PBXFileReference; lastKnownFileType = sourcecode.swift; path = AccountingCoordinator.swift; sourceTree = "<group>"; };
		88B94B0A23F636BC008DFD71 /* AccountingViewController.swift */ = {isa = PBXFileReference; lastKnownFileType = sourcecode.swift; path = AccountingViewController.swift; sourceTree = "<group>"; };
		88B94B0C23F64315008DFD71 /* AccountingServiceTests.swift */ = {isa = PBXFileReference; lastKnownFileType = sourcecode.swift; path = AccountingServiceTests.swift; sourceTree = "<group>"; };
		88DFC7F523EE087700CB1122 /* AccountingNavigationController.swift */ = {isa = PBXFileReference; lastKnownFileType = sourcecode.swift; path = AccountingNavigationController.swift; sourceTree = "<group>"; };
		88DFC7F723EE0D4300CB1122 /* UIViewController.swift */ = {isa = PBXFileReference; lastKnownFileType = sourcecode.swift; path = UIViewController.swift; sourceTree = "<group>"; };
		88DFC7F923EE0D5400CB1122 /* UIBarButtonItem.swift */ = {isa = PBXFileReference; lastKnownFileType = sourcecode.swift; path = UIBarButtonItem.swift; sourceTree = "<group>"; };
		88DFC7FB23EE166F00CB1122 /* NavigationItemConfigurator.swift */ = {isa = PBXFileReference; lastKnownFileType = sourcecode.swift; path = NavigationItemConfigurator.swift; sourceTree = "<group>"; };
		88DFC7FF23EE1A0C00CB1122 /* AccountingTableTextFieldCell.swift */ = {isa = PBXFileReference; lastKnownFileType = sourcecode.swift; path = AccountingTableTextFieldCell.swift; sourceTree = "<group>"; };
		88DFC80123EE1A1C00CB1122 /* AccountingTableTextFieldCell.xib */ = {isa = PBXFileReference; lastKnownFileType = file.xib; path = AccountingTableTextFieldCell.xib; sourceTree = "<group>"; };
		88DFC80823EE235700CB1122 /* AccountingTableSectionHeaderView.swift */ = {isa = PBXFileReference; lastKnownFileType = sourcecode.swift; path = AccountingTableSectionHeaderView.swift; sourceTree = "<group>"; };
		88DFC80A23EE236400CB1122 /* AccountingTableSectionHeaderView.xib */ = {isa = PBXFileReference; lastKnownFileType = file.xib; path = AccountingTableSectionHeaderView.xib; sourceTree = "<group>"; };
		88DFC80D23EE280700CB1122 /* AccountingDataController.swift */ = {isa = PBXFileReference; lastKnownFileType = sourcecode.swift; path = AccountingDataController.swift; sourceTree = "<group>"; };
		88DFC80F23EE286C00CB1122 /* AccountingTabViewModel.swift */ = {isa = PBXFileReference; lastKnownFileType = sourcecode.swift; path = AccountingTabViewModel.swift; sourceTree = "<group>"; };
		88DFC81223EF03FB00CB1122 /* AccountingTableDefinitionDataModel.swift */ = {isa = PBXFileReference; lastKnownFileType = sourcecode.swift; path = AccountingTableDefinitionDataModel.swift; sourceTree = "<group>"; };
/* End PBXFileReference section */

/* Begin PBXFrameworksBuildPhase section */
		88A3F82D23ECAFCE007E67F2 /* Frameworks */ = {
			isa = PBXFrameworksBuildPhase;
			buildActionMask = 2147483647;
			files = (
			);
			runOnlyForDeploymentPostprocessing = 0;
		};
		88A3F84323ECAFD0007E67F2 /* Frameworks */ = {
			isa = PBXFrameworksBuildPhase;
			buildActionMask = 2147483647;
			files = (
			);
			runOnlyForDeploymentPostprocessing = 0;
		};
/* End PBXFrameworksBuildPhase section */

/* Begin PBXGroup section */
		88100AB023F0866200230409 /* Tabs */ = {
			isa = PBXGroup;
			children = (
				88100AAE23F0858C00230409 /* AccountingTabsViewController.swift */,
				88100AAC23F0839B00230409 /* AccountingTabsViewController.xib */,
			);
			path = Tabs;
			sourceTree = "<group>";
		};
		88100AB323F0876D00230409 /* ViewModels */ = {
			isa = PBXGroup;
			children = (
				88DFC80F23EE286C00CB1122 /* AccountingTabViewModel.swift */,
				88100AB123F0874C00230409 /* AccountingTableViewModel.swift */,
				88A3F86523EDAA52007E67F2 /* AccountingSummariesViewModel.swift */,
			);
			path = ViewModels;
			sourceTree = "<group>";
		};
		88100AB423F092F900230409 /* Accounting */ = {
			isa = PBXGroup;
			children = (
				8824218E23F069BE00E44A8A /* AccountingService.swift */,
				88100AB623F0935400230409 /* DataModels */,
			);
			path = Accounting;
			sourceTree = "<group>";
		};
		88100AB523F0932A00230409 /* Services */ = {
			isa = PBXGroup;
			children = (
				88100AB423F092F900230409 /* Accounting */,
			);
			path = Services;
			sourceTree = "<group>";
		};
		88100AB623F0935400230409 /* DataModels */ = {
			isa = PBXGroup;
			children = (
				88DFC81223EF03FB00CB1122 /* AccountingTableDefinitionDataModel.swift */,
				88100AB723F0AC4C00230409 /* AccountingUserInputDataModel.swift */,
			);
			path = DataModels;
			sourceTree = "<group>";
		};
		88100ABF23F1AF2200230409 /* DataManagment */ = {
			isa = PBXGroup;
			children = (
				88DFC80D23EE280700CB1122 /* AccountingDataController.swift */,
				88100AB923F1A4C100230409 /* AccountingDataFormatter.swift */,
				88100AC023F1C37300230409 /* AccountingUserInputDataModelController.swift */,
			);
			path = DataManagment;
			sourceTree = "<group>";
		};
		88100AC423F23D2900230409 /* Login */ = {
			isa = PBXGroup;
			children = (
				88100AC723F23D4000230409 /* WelcomeViewController.xib */,
				88100AC523F23D3500230409 /* WelcomeViewController.swift */,
				88100ACA23F2DBDC00230409 /* LoginViewController.xib */,
				88100AC923F2DBDC00230409 /* LoginViewController.swift */,
				88100ACD23F2E07C00230409 /* LoginNavigationController.swift */,
			);
			path = Login;
			sourceTree = "<group>";
		};
		88100AD323F2E7CA00230409 /* Authentication */ = {
			isa = PBXGroup;
			children = (
				88100AD423F2E7D500230409 /* AuthenticationController.swift */,
				88100AD823F2E7FF00230409 /* User.swift */,
				88100AD623F2E7EA00230409 /* UserObserver.swift */,
			);
			path = Authentication;
			sourceTree = "<group>";
		};
		88100ADE23F2EBE400230409 /* Settings */ = {
			isa = PBXGroup;
			children = (
				88100ADA23F2EBE000230409 /* SettingsViewController.swift */,
				88B94B0723F63244008DFD71 /* ViewModels */,
				88100AE723F2ECE000230409 /* Cells */,
			);
			path = Settings;
			sourceTree = "<group>";
		};
		88100AE723F2ECE000230409 /* Cells */ = {
			isa = PBXGroup;
			children = (
				88100AE323F2ECD800230409 /* SettingsButtonCell.swift */,
				88100AE423F2ECD800230409 /* SettingsButtonCell.xib */,
				88100ADF23F2ECC600230409 /* SettingsPickerCell.swift */,
				88100AE023F2ECC600230409 /* SettingsPickerCell.xib */,
			);
			path = Cells;
			sourceTree = "<group>";
		};
		88100AEC23F2F9BB00230409 /* Picker */ = {
			isa = PBXGroup;
			children = (
				88100AE823F2F9B700230409 /* PickerViewController.swift */,
				88100AE923F2F9B700230409 /* PickerViewController.xib */,
			);
			path = Picker;
			sourceTree = "<group>";
		};
		88A3F82723ECAFCE007E67F2 = {
			isa = PBXGroup;
			children = (
				88A3F83223ECAFCE007E67F2 /* TurboSample */,
				88A3F84923ECAFD0007E67F2 /* TurboSampleTests */,
				88A3F83123ECAFCE007E67F2 /* Products */,
			);
			sourceTree = "<group>";
		};
		88A3F83123ECAFCE007E67F2 /* Products */ = {
			isa = PBXGroup;
			children = (
				88A3F83023ECAFCE007E67F2 /* TurboSample.app */,
				88A3F84623ECAFD0007E67F2 /* TurboSampleTests.xctest */,
			);
			name = Products;
			sourceTree = "<group>";
		};
		88A3F83223ECAFCE007E67F2 /* TurboSample */ = {
			isa = PBXGroup;
			children = (
				88A3F85823EDA2EA007E67F2 /* App */,
				88A3F85523EDA0EC007E67F2 /* Scene */,
				88A3F86323EDA6D7007E67F2 /* Modules */,
				88100AB523F0932A00230409 /* Services */,
				88DFC81123EF038900CB1122 /* Network */,
				88100AD323F2E7CA00230409 /* Authentication */,
				88A3F86223EDA6C2007E67F2 /* Extensions */,
				88DFC7FD23EE167F00CB1122 /* Auxiliary */,
				88A3F83E23ECAFD0007E67F2 /* LaunchScreen.storyboard */,
				88A3F84123ECAFD0007E67F2 /* Info.plist */,
				88A3F83C23ECAFD0007E67F2 /* Assets.xcassets */,
			);
			path = TurboSample;
			sourceTree = "<group>";
		};
		88A3F84923ECAFD0007E67F2 /* TurboSampleTests */ = {
			isa = PBXGroup;
			children = (
				88A3F84A23ECAFD0007E67F2 /* AccountingCoordinatorTests.swift */,
				88B94B0C23F64315008DFD71 /* AccountingServiceTests.swift */,
				88A3F84C23ECAFD0007E67F2 /* Info.plist */,
			);
			path = TurboSampleTests;
			sourceTree = "<group>";
		};
		88A3F85523EDA0EC007E67F2 /* Scene */ = {
			isa = PBXGroup;
			children = (
				88A3F83523ECAFCE007E67F2 /* SceneDelegate.swift */,
				88A3F85623EDA0F6007E67F2 /* SceneLauncher.swift */,
			);
			path = Scene;
			sourceTree = "<group>";
		};
		88A3F85823EDA2EA007E67F2 /* App */ = {
			isa = PBXGroup;
			children = (
				88A3F83323ECAFCE007E67F2 /* AppDelegate.swift */,
			);
			path = App;
			sourceTree = "<group>";
		};
		88A3F85D23EDA408007E67F2 /* Summaries */ = {
			isa = PBXGroup;
			children = (
				88A3F85923EDA326007E67F2 /* AccountingSummariesViewController.swift */,
				88A3F85A23EDA326007E67F2 /* AccountingSummariesViewController.xib */,
				88A3F86723EDACA1007E67F2 /* Views */,
			);
			path = Summaries;
			sourceTree = "<group>";
		};
		88A3F86223EDA6C2007E67F2 /* Extensions */ = {
			isa = PBXGroup;
			children = (
				88A3F86023EDA6BD007E67F2 /* UIView.swift */,
				88100AD123F2E79600230409 /* UIAlertController.swift */,
				88DFC7F723EE0D4300CB1122 /* UIViewController.swift */,
				88A3F86D23EDF963007E67F2 /* UIColor.swift */,
				88DFC7F923EE0D5400CB1122 /* UIBarButtonItem.swift */,
			);
			path = Extensions;
			sourceTree = "<group>";
		};
		88A3F86323EDA6D7007E67F2 /* Modules */ = {
			isa = PBXGroup;
			children = (
				88100AC423F23D2900230409 /* Login */,
				88A3F86423EDA6DD007E67F2 /* Accounting */,
				88100ADE23F2EBE400230409 /* Settings */,
			);
			path = Modules;
			sourceTree = "<group>";
		};
		88A3F86423EDA6DD007E67F2 /* Accounting */ = {
			isa = PBXGroup;
			children = (
				88B94B0A23F636BC008DFD71 /* AccountingViewController.swift */,
				88A3F86923EDAD6E007E67F2 /* AccountingViewController.xib */,
				88B94B0823F633D3008DFD71 /* AccountingCoordinator.swift */,
				88100ABF23F1AF2200230409 /* DataManagment */,
				88100AB323F0876D00230409 /* ViewModels */,
				88DFC80C23EE279700CB1122 /* Navigation */,
				88100AB023F0866200230409 /* Tabs */,
				88DFC80623EE22E200CB1122 /* Table */,
				88A3F85D23EDA408007E67F2 /* Summaries */,
			);
			path = Accounting;
			sourceTree = "<group>";
		};
		88A3F86723EDACA1007E67F2 /* Views */ = {
			isa = PBXGroup;
			children = (
				88A3F85E23EDA5C4007E67F2 /* AccountingSummaryView.swift */,
			);
			path = Views;
			sourceTree = "<group>";
		};
		88B94B0723F63244008DFD71 /* ViewModels */ = {
			isa = PBXGroup;
			children = (
				88B94B0323F631C8008DFD71 /* SettingsButtonViewModel.swift */,
				88B94B0523F63229008DFD71 /* SettingsPickerViewModel.swift */,
			);
			path = ViewModels;
			sourceTree = "<group>";
		};
		88DFC7FD23EE167F00CB1122 /* Auxiliary */ = {
			isa = PBXGroup;
			children = (
				88100AEC23F2F9BB00230409 /* Picker */,
				88DFC7FB23EE166F00CB1122 /* NavigationItemConfigurator.swift */,
				88100ABD23F1ADB500230409 /* FileManagerController.swift */,
				88100ACF23F2E69500230409 /* KeyboardObserver.swift */,
			);
			path = Auxiliary;
			sourceTree = "<group>";
		};
		88DFC7FE23EE19CA00CB1122 /* Cells */ = {
			isa = PBXGroup;
			children = (
				88DFC7FF23EE1A0C00CB1122 /* AccountingTableTextFieldCell.swift */,
				88DFC80123EE1A1C00CB1122 /* AccountingTableTextFieldCell.xib */,
			);
			path = Cells;
			sourceTree = "<group>";
		};
		88DFC80623EE22E200CB1122 /* Table */ = {
			isa = PBXGroup;
			children = (
				88A3F86B23EDAF65007E67F2 /* AccountingTableViewController.swift */,
				88DFC80723EE22FA00CB1122 /* Views */,
				88DFC7FE23EE19CA00CB1122 /* Cells */,
			);
			path = Table;
			sourceTree = "<group>";
		};
		88DFC80723EE22FA00CB1122 /* Views */ = {
			isa = PBXGroup;
			children = (
				88DFC80823EE235700CB1122 /* AccountingTableSectionHeaderView.swift */,
				88DFC80A23EE236400CB1122 /* AccountingTableSectionHeaderView.xib */,
			);
			path = Views;
			sourceTree = "<group>";
		};
		88DFC80C23EE279700CB1122 /* Navigation */ = {
			isa = PBXGroup;
			children = (
				88DFC7F523EE087700CB1122 /* AccountingNavigationController.swift */,
			);
			path = Navigation;
			sourceTree = "<group>";
		};
		88DFC81123EF038900CB1122 /* Network */ = {
			isa = PBXGroup;
			children = (
				8824218423F0682E00E44A8A /* URLBuilder.swift */,
				8824218623F0683D00E44A8A /* URLRequestBuilder.swift */,
				8824218C23F0687000E44A8A /* DataDecoder.swift */,
				88100ABB23F1A96800230409 /* DataEncoder.swift */,
				8824218823F0684B00E44A8A /* URLRequestPerformer.swift */,
				8824218A23F0686000E44A8A /* DataModelLoader.swift */,
				8824218223F0571E00E44A8A /* AccountingTableDefinitions.js */,
			);
			path = Network;
			sourceTree = "<group>";
		};
/* End PBXGroup section */

/* Begin PBXNativeTarget section */
		88A3F82F23ECAFCE007E67F2 /* TurboSample */ = {
			isa = PBXNativeTarget;
			buildConfigurationList = 88A3F84F23ECAFD0007E67F2 /* Build configuration list for PBXNativeTarget "TurboSample" */;
			buildPhases = (
				88A3F82C23ECAFCE007E67F2 /* Sources */,
				88A3F82D23ECAFCE007E67F2 /* Frameworks */,
				88A3F82E23ECAFCE007E67F2 /* Resources */,
			);
			buildRules = (
			);
			dependencies = (
			);
			name = TurboSample;
			productName = TurboSample;
			productReference = 88A3F83023ECAFCE007E67F2 /* TurboSample.app */;
			productType = "com.apple.product-type.application";
		};
		88A3F84523ECAFD0007E67F2 /* TurboSampleTests */ = {
			isa = PBXNativeTarget;
			buildConfigurationList = 88A3F85223ECAFD0007E67F2 /* Build configuration list for PBXNativeTarget "TurboSampleTests" */;
			buildPhases = (
				88A3F84223ECAFD0007E67F2 /* Sources */,
				88A3F84323ECAFD0007E67F2 /* Frameworks */,
				88A3F84423ECAFD0007E67F2 /* Resources */,
			);
			buildRules = (
			);
			dependencies = (
				88A3F84823ECAFD0007E67F2 /* PBXTargetDependency */,
			);
			name = TurboSampleTests;
			productName = TurboSampleTests;
			productReference = 88A3F84623ECAFD0007E67F2 /* TurboSampleTests.xctest */;
			productType = "com.apple.product-type.bundle.unit-test";
		};
/* End PBXNativeTarget section */

/* Begin PBXProject section */
		88A3F82823ECAFCE007E67F2 /* Project object */ = {
			isa = PBXProject;
			attributes = {
				LastSwiftUpdateCheck = 1130;
				LastUpgradeCheck = 1130;
				ORGANIZATIONNAME = MihaVoline;
				TargetAttributes = {
					88A3F82F23ECAFCE007E67F2 = {
						CreatedOnToolsVersion = 11.3.1;
					};
					88A3F84523ECAFD0007E67F2 = {
						CreatedOnToolsVersion = 11.3.1;
						TestTargetID = 88A3F82F23ECAFCE007E67F2;
					};
				};
			};
			buildConfigurationList = 88A3F82B23ECAFCE007E67F2 /* Build configuration list for PBXProject "TurboSample" */;
			compatibilityVersion = "Xcode 9.3";
			developmentRegion = en;
			hasScannedForEncodings = 0;
			knownRegions = (
				en,
				Base,
			);
			mainGroup = 88A3F82723ECAFCE007E67F2;
			productRefGroup = 88A3F83123ECAFCE007E67F2 /* Products */;
			projectDirPath = "";
			projectRoot = "";
			targets = (
				88A3F82F23ECAFCE007E67F2 /* TurboSample */,
				88A3F84523ECAFD0007E67F2 /* TurboSampleTests */,
			);
		};
/* End PBXProject section */

/* Begin PBXResourcesBuildPhase section */
		88A3F82E23ECAFCE007E67F2 /* Resources */ = {
			isa = PBXResourcesBuildPhase;
			buildActionMask = 2147483647;
			files = (
				88100ACC23F2DBDC00230409 /* LoginViewController.xib in Resources */,
				88100AEB23F2F9B700230409 /* PickerViewController.xib in Resources */,
				88DFC80223EE1A1C00CB1122 /* AccountingTableTextFieldCell.xib in Resources */,
				88DFC80B23EE236400CB1122 /* AccountingTableSectionHeaderView.xib in Resources */,
				88100AC823F23D4000230409 /* WelcomeViewController.xib in Resources */,
				88100AE623F2ECD800230409 /* SettingsButtonCell.xib in Resources */,
				88A3F85C23EDA326007E67F2 /* AccountingSummariesViewController.xib in Resources */,
				88A3F84023ECAFD0007E67F2 /* LaunchScreen.storyboard in Resources */,
				8824218323F0571E00E44A8A /* AccountingTableDefinitions.js in Resources */,
				88A3F83D23ECAFD0007E67F2 /* Assets.xcassets in Resources */,
				88100AAD23F0839B00230409 /* AccountingTabsViewController.xib in Resources */,
				88A3F86A23EDAD6E007E67F2 /* AccountingViewController.xib in Resources */,
				88100AE223F2ECC600230409 /* SettingsPickerCell.xib in Resources */,
			);
			runOnlyForDeploymentPostprocessing = 0;
		};
		88A3F84423ECAFD0007E67F2 /* Resources */ = {
			isa = PBXResourcesBuildPhase;
			buildActionMask = 2147483647;
			files = (
			);
			runOnlyForDeploymentPostprocessing = 0;
		};
/* End PBXResourcesBuildPhase section */

/* Begin PBXSourcesBuildPhase section */
		88A3F82C23ECAFCE007E67F2 /* Sources */ = {
			isa = PBXSourcesBuildPhase;
			buildActionMask = 2147483647;
			files = (
				88100ACB23F2DBDC00230409 /* LoginViewController.swift in Sources */,
				88100ABA23F1A4C100230409 /* AccountingDataFormatter.swift in Sources */,
				88100AC123F1C37300230409 /* AccountingUserInputDataModelController.swift in Sources */,
				88100AB823F0AC4C00230409 /* AccountingUserInputDataModel.swift in Sources */,
				88100AEA23F2F9B700230409 /* PickerViewController.swift in Sources */,
				88100ABC23F1A96800230409 /* DataEncoder.swift in Sources */,
				88100AC623F23D3500230409 /* WelcomeViewController.swift in Sources */,
				8824218B23F0686000E44A8A /* DataModelLoader.swift in Sources */,
				88DFC80E23EE280700CB1122 /* AccountingDataController.swift in Sources */,
				88A3F83423ECAFCE007E67F2 /* AppDelegate.swift in Sources */,
				88B94B0B23F636BC008DFD71 /* AccountingViewController.swift in Sources */,
				88DFC81023EE286C00CB1122 /* AccountingTabViewModel.swift in Sources */,
				88100AD523F2E7D500230409 /* AuthenticationController.swift in Sources */,
				88DFC80023EE1A0C00CB1122 /* AccountingTableTextFieldCell.swift in Sources */,
				88DFC80923EE235700CB1122 /* AccountingTableSectionHeaderView.swift in Sources */,
				88B94B0623F63229008DFD71 /* SettingsPickerViewModel.swift in Sources */,
				88DFC7FC23EE166F00CB1122 /* NavigationItemConfigurator.swift in Sources */,
				88100AAF23F0858C00230409 /* AccountingTabsViewController.swift in Sources */,
				8824218523F0682E00E44A8A /* URLBuilder.swift in Sources */,
				88B94B0923F633D3008DFD71 /* AccountingCoordinator.swift in Sources */,
				8824218F23F069BE00E44A8A /* AccountingService.swift in Sources */,
				88100AD923F2E7FF00230409 /* User.swift in Sources */,
				88100AE523F2ECD800230409 /* SettingsButtonCell.swift in Sources */,
				8824218D23F0687000E44A8A /* DataDecoder.swift in Sources */,
				88DFC7F823EE0D4300CB1122 /* UIViewController.swift in Sources */,
				88A3F86C23EDAF65007E67F2 /* AccountingTableViewController.swift in Sources */,
				8824218723F0683D00E44A8A /* URLRequestBuilder.swift in Sources */,
				88DFC81323EF03FB00CB1122 /* AccountingTableDefinitionDataModel.swift in Sources */,
				8824218923F0684B00E44A8A /* URLRequestPerformer.swift in Sources */,
				88100AD223F2E79600230409 /* UIAlertController.swift in Sources */,
				88B94B0423F631C8008DFD71 /* SettingsButtonViewModel.swift in Sources */,
				88100ABE23F1ADB500230409 /* FileManagerController.swift in Sources */,
				88100AD023F2E69500230409 /* KeyboardObserver.swift in Sources */,
				88A3F85F23EDA5C4007E67F2 /* AccountingSummaryView.swift in Sources */,
				88100AD723F2E7EA00230409 /* UserObserver.swift in Sources */,
				88A3F86123EDA6BD007E67F2 /* UIView.swift in Sources */,
				88100ADC23F2EBE000230409 /* SettingsViewController.swift in Sources */,
				88100AE123F2ECC600230409 /* SettingsPickerCell.swift in Sources */,
				88100AB223F0874C00230409 /* AccountingTableViewModel.swift in Sources */,
				88DFC7FA23EE0D5400CB1122 /* UIBarButtonItem.swift in Sources */,
				88A3F86623EDAA52007E67F2 /* AccountingSummariesViewModel.swift in Sources */,
				88A3F85723EDA0F6007E67F2 /* SceneLauncher.swift in Sources */,
				88A3F83623ECAFCE007E67F2 /* SceneDelegate.swift in Sources */,
				88100ACE23F2E07C00230409 /* LoginNavigationController.swift in Sources */,
				88DFC7F623EE087700CB1122 /* AccountingNavigationController.swift in Sources */,
				88A3F85B23EDA326007E67F2 /* AccountingSummariesViewController.swift in Sources */,
				88A3F86E23EDF963007E67F2 /* UIColor.swift in Sources */,
			);
			runOnlyForDeploymentPostprocessing = 0;
		};
		88A3F84223ECAFD0007E67F2 /* Sources */ = {
			isa = PBXSourcesBuildPhase;
			buildActionMask = 2147483647;
			files = (
				88B94B0D23F64315008DFD71 /* AccountingServiceTests.swift in Sources */,
				88A3F84B23ECAFD0007E67F2 /* AccountingCoordinatorTests.swift in Sources */,
			);
			runOnlyForDeploymentPostprocessing = 0;
		};
/* End PBXSourcesBuildPhase section */

/* Begin PBXTargetDependency section */
		88A3F84823ECAFD0007E67F2 /* PBXTargetDependency */ = {
			isa = PBXTargetDependency;
			target = 88A3F82F23ECAFCE007E67F2 /* TurboSample */;
			targetProxy = 88A3F84723ECAFD0007E67F2 /* PBXContainerItemProxy */;
		};
/* End PBXTargetDependency section */

/* Begin PBXVariantGroup section */
		88A3F83E23ECAFD0007E67F2 /* LaunchScreen.storyboard */ = {
			isa = PBXVariantGroup;
			children = (
				88A3F83F23ECAFD0007E67F2 /* Base */,
			);
			name = LaunchScreen.storyboard;
			sourceTree = "<group>";
		};
/* End PBXVariantGroup section */

/* Begin XCBuildConfiguration section */
		88A3F84D23ECAFD0007E67F2 /* Debug */ = {
			isa = XCBuildConfiguration;
			buildSettings = {
				ALWAYS_SEARCH_USER_PATHS = NO;
				CLANG_ANALYZER_NONNULL = YES;
				CLANG_ANALYZER_NUMBER_OBJECT_CONVERSION = YES_AGGRESSIVE;
				CLANG_CXX_LANGUAGE_STANDARD = "gnu++14";
				CLANG_CXX_LIBRARY = "libc++";
				CLANG_ENABLE_MODULES = YES;
				CLANG_ENABLE_OBJC_ARC = YES;
				CLANG_ENABLE_OBJC_WEAK = YES;
				CLANG_WARN_BLOCK_CAPTURE_AUTORELEASING = YES;
				CLANG_WARN_BOOL_CONVERSION = YES;
				CLANG_WARN_COMMA = YES;
				CLANG_WARN_CONSTANT_CONVERSION = YES;
				CLANG_WARN_DEPRECATED_OBJC_IMPLEMENTATIONS = YES;
				CLANG_WARN_DIRECT_OBJC_ISA_USAGE = YES_ERROR;
				CLANG_WARN_DOCUMENTATION_COMMENTS = YES;
				CLANG_WARN_EMPTY_BODY = YES;
				CLANG_WARN_ENUM_CONVERSION = YES;
				CLANG_WARN_INFINITE_RECURSION = YES;
				CLANG_WARN_INT_CONVERSION = YES;
				CLANG_WARN_NON_LITERAL_NULL_CONVERSION = YES;
				CLANG_WARN_OBJC_IMPLICIT_RETAIN_SELF = YES;
				CLANG_WARN_OBJC_LITERAL_CONVERSION = YES;
				CLANG_WARN_OBJC_ROOT_CLASS = YES_ERROR;
				CLANG_WARN_RANGE_LOOP_ANALYSIS = YES;
				CLANG_WARN_STRICT_PROTOTYPES = YES;
				CLANG_WARN_SUSPICIOUS_MOVE = YES;
				CLANG_WARN_UNGUARDED_AVAILABILITY = YES_AGGRESSIVE;
				CLANG_WARN_UNREACHABLE_CODE = YES;
				CLANG_WARN__DUPLICATE_METHOD_MATCH = YES;
				COPY_PHASE_STRIP = NO;
				DEBUG_INFORMATION_FORMAT = dwarf;
				ENABLE_STRICT_OBJC_MSGSEND = YES;
				ENABLE_TESTABILITY = YES;
				GCC_C_LANGUAGE_STANDARD = gnu11;
				GCC_DYNAMIC_NO_PIC = NO;
				GCC_NO_COMMON_BLOCKS = YES;
				GCC_OPTIMIZATION_LEVEL = 0;
				GCC_PREPROCESSOR_DEFINITIONS = (
					"DEBUG=1",
					"$(inherited)",
				);
				GCC_WARN_64_TO_32_BIT_CONVERSION = YES;
				GCC_WARN_ABOUT_RETURN_TYPE = YES_ERROR;
				GCC_WARN_UNDECLARED_SELECTOR = YES;
				GCC_WARN_UNINITIALIZED_AUTOS = YES_AGGRESSIVE;
				GCC_WARN_UNUSED_FUNCTION = YES;
				GCC_WARN_UNUSED_VARIABLE = YES;
				IPHONEOS_DEPLOYMENT_TARGET = 13.2;
				MTL_ENABLE_DEBUG_INFO = INCLUDE_SOURCE;
				MTL_FAST_MATH = YES;
				ONLY_ACTIVE_ARCH = YES;
				SDKROOT = iphoneos;
				SWIFT_ACTIVE_COMPILATION_CONDITIONS = DEBUG;
				SWIFT_OPTIMIZATION_LEVEL = "-Onone";
			};
			name = Debug;
		};
		88A3F84E23ECAFD0007E67F2 /* Release */ = {
			isa = XCBuildConfiguration;
			buildSettings = {
				ALWAYS_SEARCH_USER_PATHS = NO;
				CLANG_ANALYZER_NONNULL = YES;
				CLANG_ANALYZER_NUMBER_OBJECT_CONVERSION = YES_AGGRESSIVE;
				CLANG_CXX_LANGUAGE_STANDARD = "gnu++14";
				CLANG_CXX_LIBRARY = "libc++";
				CLANG_ENABLE_MODULES = YES;
				CLANG_ENABLE_OBJC_ARC = YES;
				CLANG_ENABLE_OBJC_WEAK = YES;
				CLANG_WARN_BLOCK_CAPTURE_AUTORELEASING = YES;
				CLANG_WARN_BOOL_CONVERSION = YES;
				CLANG_WARN_COMMA = YES;
				CLANG_WARN_CONSTANT_CONVERSION = YES;
				CLANG_WARN_DEPRECATED_OBJC_IMPLEMENTATIONS = YES;
				CLANG_WARN_DIRECT_OBJC_ISA_USAGE = YES_ERROR;
				CLANG_WARN_DOCUMENTATION_COMMENTS = YES;
				CLANG_WARN_EMPTY_BODY = YES;
				CLANG_WARN_ENUM_CONVERSION = YES;
				CLANG_WARN_INFINITE_RECURSION = YES;
				CLANG_WARN_INT_CONVERSION = YES;
				CLANG_WARN_NON_LITERAL_NULL_CONVERSION = YES;
				CLANG_WARN_OBJC_IMPLICIT_RETAIN_SELF = YES;
				CLANG_WARN_OBJC_LITERAL_CONVERSION = YES;
				CLANG_WARN_OBJC_ROOT_CLASS = YES_ERROR;
				CLANG_WARN_RANGE_LOOP_ANALYSIS = YES;
				CLANG_WARN_STRICT_PROTOTYPES = YES;
				CLANG_WARN_SUSPICIOUS_MOVE = YES;
				CLANG_WARN_UNGUARDED_AVAILABILITY = YES_AGGRESSIVE;
				CLANG_WARN_UNREACHABLE_CODE = YES;
				CLANG_WARN__DUPLICATE_METHOD_MATCH = YES;
				COPY_PHASE_STRIP = NO;
				DEBUG_INFORMATION_FORMAT = "dwarf-with-dsym";
				ENABLE_NS_ASSERTIONS = NO;
				ENABLE_STRICT_OBJC_MSGSEND = YES;
				GCC_C_LANGUAGE_STANDARD = gnu11;
				GCC_NO_COMMON_BLOCKS = YES;
				GCC_WARN_64_TO_32_BIT_CONVERSION = YES;
				GCC_WARN_ABOUT_RETURN_TYPE = YES_ERROR;
				GCC_WARN_UNDECLARED_SELECTOR = YES;
				GCC_WARN_UNINITIALIZED_AUTOS = YES_AGGRESSIVE;
				GCC_WARN_UNUSED_FUNCTION = YES;
				GCC_WARN_UNUSED_VARIABLE = YES;
				IPHONEOS_DEPLOYMENT_TARGET = 13.2;
				MTL_ENABLE_DEBUG_INFO = NO;
				MTL_FAST_MATH = YES;
				SDKROOT = iphoneos;
				SWIFT_COMPILATION_MODE = wholemodule;
				SWIFT_OPTIMIZATION_LEVEL = "-O";
				VALIDATE_PRODUCT = YES;
			};
			name = Release;
		};
		88A3F85023ECAFD0007E67F2 /* Debug */ = {
			isa = XCBuildConfiguration;
			buildSettings = {
				ASSETCATALOG_COMPILER_APPICON_NAME = AppIcon;
				CODE_SIGN_STYLE = Automatic;
				DEVELOPMENT_TEAM = 5XXS68385U;
				INFOPLIST_FILE = TurboSample/Info.plist;
				LD_RUNPATH_SEARCH_PATHS = (
					"$(inherited)",
					"@executable_path/Frameworks",
				);
				PRODUCT_BUNDLE_IDENTIFIER = MihaVoline.TurboSample;
				PRODUCT_NAME = "$(TARGET_NAME)";
				SWIFT_VERSION = 5.0;
				TARGETED_DEVICE_FAMILY = "1,2";
			};
			name = Debug;
		};
		88A3F85123ECAFD0007E67F2 /* Release */ = {
			isa = XCBuildConfiguration;
			buildSettings = {
				ASSETCATALOG_COMPILER_APPICON_NAME = AppIcon;
				CODE_SIGN_STYLE = Automatic;
				DEVELOPMENT_TEAM = 5XXS68385U;
				INFOPLIST_FILE = TurboSample/Info.plist;
				LD_RUNPATH_SEARCH_PATHS = (
					"$(inherited)",
					"@executable_path/Frameworks",
				);
				PRODUCT_BUNDLE_IDENTIFIER = MihaVoline.TurboSample;
				PRODUCT_NAME = "$(TARGET_NAME)";
				SWIFT_VERSION = 5.0;
				TARGETED_DEVICE_FAMILY = "1,2";
			};
			name = Release;
		};
		88A3F85323ECAFD0007E67F2 /* Debug */ = {
			isa = XCBuildConfiguration;
			buildSettings = {
				ALWAYS_EMBED_SWIFT_STANDARD_LIBRARIES = YES;
				BUNDLE_LOADER = "$(TEST_HOST)";
				CODE_SIGN_STYLE = Automatic;
				DEVELOPMENT_TEAM = 5XXS68385U;
				INFOPLIST_FILE = TurboSampleTests/Info.plist;
				IPHONEOS_DEPLOYMENT_TARGET = 13.2;
				LD_RUNPATH_SEARCH_PATHS = (
					"$(inherited)",
					"@executable_path/Frameworks",
					"@loader_path/Frameworks",
				);
				PRODUCT_BUNDLE_IDENTIFIER = MihaVoline.TurboSampleTests;
				PRODUCT_NAME = "$(TARGET_NAME)";
				SWIFT_VERSION = 5.0;
				TARGETED_DEVICE_FAMILY = "1,2";
				TEST_HOST = "$(BUILT_PRODUCTS_DIR)/TurboSample.app/TurboSample";
			};
			name = Debug;
		};
		88A3F85423ECAFD0007E67F2 /* Release */ = {
			isa = XCBuildConfiguration;
			buildSettings = {
				ALWAYS_EMBED_SWIFT_STANDARD_LIBRARIES = YES;
				BUNDLE_LOADER = "$(TEST_HOST)";
				CODE_SIGN_STYLE = Automatic;
				DEVELOPMENT_TEAM = 5XXS68385U;
				INFOPLIST_FILE = TurboSampleTests/Info.plist;
				IPHONEOS_DEPLOYMENT_TARGET = 13.2;
				LD_RUNPATH_SEARCH_PATHS = (
					"$(inherited)",
					"@executable_path/Frameworks",
					"@loader_path/Frameworks",
				);
				PRODUCT_BUNDLE_IDENTIFIER = MihaVoline.TurboSampleTests;
				PRODUCT_NAME = "$(TARGET_NAME)";
				SWIFT_VERSION = 5.0;
				TARGETED_DEVICE_FAMILY = "1,2";
				TEST_HOST = "$(BUILT_PRODUCTS_DIR)/TurboSample.app/TurboSample";
			};
			name = Release;
		};
/* End XCBuildConfiguration section */

/* Begin XCConfigurationList section */
		88A3F82B23ECAFCE007E67F2 /* Build configuration list for PBXProject "TurboSample" */ = {
			isa = XCConfigurationList;
			buildConfigurations = (
				88A3F84D23ECAFD0007E67F2 /* Debug */,
				88A3F84E23ECAFD0007E67F2 /* Release */,
			);
			defaultConfigurationIsVisible = 0;
			defaultConfigurationName = Release;
		};
		88A3F84F23ECAFD0007E67F2 /* Build configuration list for PBXNativeTarget "TurboSample" */ = {
			isa = XCConfigurationList;
			buildConfigurations = (
				88A3F85023ECAFD0007E67F2 /* Debug */,
				88A3F85123ECAFD0007E67F2 /* Release */,
			);
			defaultConfigurationIsVisible = 0;
			defaultConfigurationName = Release;
		};
		88A3F85223ECAFD0007E67F2 /* Build configuration list for PBXNativeTarget "TurboSampleTests" */ = {
			isa = XCConfigurationList;
			buildConfigurations = (
				88A3F85323ECAFD0007E67F2 /* Debug */,
				88A3F85423ECAFD0007E67F2 /* Release */,
			);
			defaultConfigurationIsVisible = 0;
			defaultConfigurationName = Release;
		};
/* End XCConfigurationList section */
	};
	rootObject = 88A3F82823ECAFCE007E67F2 /* Project object */;
}
